
Microsoft Visual Studio Solution File, Format Version 12.00
# Visual Studio Version 16
VisualStudioVersion = 16.0.30709.132
MinimumVisualStudioVersion = 10.0.40219.1
Project("{8BC9CEB8-8B4A-11D0-8D11-00A0C91BC942}") = "Project8", "Project8\Project8.vcxproj", "{FE7D8865-720D-41E1-9590-F75818D29CF5}"
EndProject
Global
	GlobalSection(SolutionConfigurationPlatforms) = preSolution
		Debug|x64 = Debug|x64
		Debug|x86 = Debug|x86
		Release|x64 = Release|x64
		Release|x86 = Release|x86
	EndGlobalSection
	GlobalSection(ProjectConfigurationPlatforms) = postSolution
		{FE7D8865-720D-41E1-9590-F75818D29CF5}.Debug|x64.ActiveCfg = Debug|x64
		{FE7D8865-720D-41E1-9590-F75818D29CF5}.Debug|x64.Build.0 = Debug|x64
		{FE7D8865-720D-41E1-9590-F75818D29CF5}.Debug|x86.ActiveCfg = Debug|Win32
		{FE7D8865-720D-41E1-9590-F75818D29CF5}.Debug|x86.Build.0 = Debug|Win32
		{FE7D8865-720D-41E1-9590-F75818D29CF5}.Release|x64.ActiveCfg = Release|x64
		{FE7D8865-720D-41E1-9590-F75818D29CF5}.Release|x64.Build.0 = Release|x64
		{FE7D8865-720D-41E1-9590-F75818D29CF5}.Release|x86.ActiveCfg = Release|Win32
		{FE7D8865-720D-41E1-9590-F75818D29CF5}.Release|x86.Build.0 = Release|Win32
	EndGlobalSection
	GlobalSection(SolutionProperties) = preSolution
		HideSolutionNode = FALSE
	EndGlobalSection
	GlobalSection(ExtensibilityGlobals) = postSolution
		SolutionGuid = {4D2D7ADA-7E70-4846-8654-71A532DCD94C}
	EndGlobalSection
EndGlobal
